// !$*UTF8*$!
{
	archiveVersion = 1;
	classes = {
	};
	objectVersion = 50;
	objects = {

/* Begin PBXBuildFile section */
		041DDD56237E6CFC00E3D5D3 /* AppDelegate.swift in Sources */ = {isa = PBXBuildFile; fileRef = 041DDD55237E6CFC00E3D5D3 /* AppDelegate.swift */; };
		041DDD58237E6CFC00E3D5D3 /* ViewController.swift in Sources */ = {isa = PBXBuildFile; fileRef = 041DDD57237E6CFC00E3D5D3 /* ViewController.swift */; };
		041DDD5B237E6CFC00E3D5D3 /* Main.storyboard in Resources */ = {isa = PBXBuildFile; fileRef = 041DDD59237E6CFC00E3D5D3 /* Main.storyboard */; };
		041DDD5D237E6CFD00E3D5D3 /* Assets.xcassets in Resources */ = {isa = PBXBuildFile; fileRef = 041DDD5C237E6CFD00E3D5D3 /* Assets.xcassets */; };
		041DDD60237E6CFD00E3D5D3 /* LaunchScreen.storyboard in Resources */ = {isa = PBXBuildFile; fileRef = 041DDD5E237E6CFD00E3D5D3 /* LaunchScreen.storyboard */; };
		041DDD68237E6D6F00E3D5D3 /* home.jpg in Resources */ = {isa = PBXBuildFile; fileRef = 041DDD67237E6D6F00E3D5D3 /* home.jpg */; };
		041DDD6A237E754E00E3D5D3 /* play.png in Resources */ = {isa = PBXBuildFile; fileRef = 041DDD69237E754E00E3D5D3 /* play.png */; };
		041DDD6C237E755900E3D5D3 /* stop.png in Resources */ = {isa = PBXBuildFile; fileRef = 041DDD6B237E755800E3D5D3 /* stop.png */; };
		041DDD6E237E755C00E3D5D3 /* replay.png in Resources */ = {isa = PBXBuildFile; fileRef = 041DDD6D237E755C00E3D5D3 /* replay.png */; };
		041DDD72237E783F00E3D5D3 /* zero.png in Resources */ = {isa = PBXBuildFile; fileRef = 041DDD71237E783F00E3D5D3 /* zero.png */; };
		041DDD74237E78EB00E3D5D3 /* zero1.jpg in Resources */ = {isa = PBXBuildFile; fileRef = 041DDD73237E78EB00E3D5D3 /* zero1.jpg */; };
		041DDD76237E794700E3D5D3 /* secondViewController.swift in Sources */ = {isa = PBXBuildFile; fileRef = 041DDD75237E794700E3D5D3 /* secondViewController.swift */; };
		041DDD78237E79D100E3D5D3 /* zero.mp3 in Resources */ = {isa = PBXBuildFile; fileRef = 041DDD77237E79D100E3D5D3 /* zero.mp3 */; };
		041DDD7A237E7B4900E3D5D3 /* home2.jpg in Resources */ = {isa = PBXBuildFile; fileRef = 041DDD79237E7B4900E3D5D3 /* home2.jpg */; };
		041DDD7C237E7BC200E3D5D3 /* thirdViewController.swift in Sources */ = {isa = PBXBuildFile; fileRef = 041DDD7B237E7BC200E3D5D3 /* thirdViewController.swift */; };
		041DDD7E237E7BD100E3D5D3 /* fourthViewController.swift in Sources */ = {isa = PBXBuildFile; fileRef = 041DDD7D237E7BD100E3D5D3 /* fourthViewController.swift */; };
		041DDD80237E7CF900E3D5D3 /* Th.mp3 in Resources */ = {isa = PBXBuildFile; fileRef = 041DDD7F237E7CF900E3D5D3 /* Th.mp3 */; };
		041DDD82237E7DF100E3D5D3 /* thu.jpg in Resources */ = {isa = PBXBuildFile; fileRef = 041DDD81237E7DF000E3D5D3 /* thu.jpg */; };
		041DDD84237E7E3700E3D5D3 /* thu1.jpeg in Resources */ = {isa = PBXBuildFile; fileRef = 041DDD83237E7E3700E3D5D3 /* thu1.jpeg */; };
		041DDD86237E7F5300E3D5D3 /* fr.jpg in Resources */ = {isa = PBXBuildFile; fileRef = 041DDD85237E7F5200E3D5D3 /* fr.jpg */; };
		041DDD88237E7F5700E3D5D3 /* fr1.jpg in Resources */ = {isa = PBXBuildFile; fileRef = 041DDD87237E7F5600E3D5D3 /* fr1.jpg */; };
		041DDD8A237E800C00E3D5D3 /* Fr.mp3 in Resources */ = {isa = PBXBuildFile; fileRef = 041DDD89237E800C00E3D5D3 /* Fr.mp3 */; };
/* End PBXBuildFile section */

/* Begin PBXFileReference section */
		041DDD52237E6CFC00E3D5D3 /* ios1fnp62_13610325_sourcecode.app */ = {isa = PBXFileReference; explicitFileType = wrapper.application; includeInIndex = 0; path = ios1fnp62_13610325_sourcecode.app; sourceTree = BUILT_PRODUCTS_DIR; };
		041DDD55237E6CFC00E3D5D3 /* AppDelegate.swift */ = {isa = PBXFileReference; lastKnownFileType = sourcecode.swift; path = AppDelegate.swift; sourceTree = "<group>"; };
		041DDD57237E6CFC00E3D5D3 /* ViewController.swift */ = {isa = PBXFileReference; lastKnownFileType = sourcecode.swift; path = ViewController.swift; sourceTree = "<group>"; };
		041DDD5A237E6CFC00E3D5D3 /* Base */ = {isa = PBXFileReference; lastKnownFileType = file.storyboard; name = Base; path = Base.lproj/Main.storyboard; sourceTree = "<group>"; };
		041DDD5C237E6CFD00E3D5D3 /* Assets.xcassets */ = {isa = PBXFileReference; lastKnownFileType = folder.assetcatalog; path = Assets.xcassets; sourceTree = "<group>"; };
		041DDD5F237E6CFD00E3D5D3 /* Base */ = {isa = PBXFileReference; lastKnownFileType = file.storyboard; name = Base; path = Base.lproj/LaunchScreen.storyboard; sourceTree = "<group>"; };
		041DDD61237E6CFD00E3D5D3 /* Info.plist */ = {isa = PBXFileReference; lastKnownFileType = text.plist.xml; path = Info.plist; sourceTree = "<group>"; };
		041DDD67237E6D6F00E3D5D3 /* home.jpg */ = {isa = PBXFileReference; lastKnownFileType = image.jpeg; path = home.jpg; sourceTree = "<group>"; };
		041DDD69237E754E00E3D5D3 /* play.png */ = {isa = PBXFileReference; lastKnownFileType = image.png; path = play.png; sourceTree = "<group>"; };
		041DDD6B237E755800E3D5D3 /* stop.png */ = {isa = PBXFileReference; lastKnownFileType = image.png; path = stop.png; sourceTree = "<group>"; };
		041DDD6D237E755C00E3D5D3 /* replay.png */ = {isa = PBXFileReference; lastKnownFileType = image.png; path = replay.png; sourceTree = "<group>"; };
		041DDD71237E783F00E3D5D3 /* zero.png */ = {isa = PBXFileReference; lastKnownFileType = image.png; path = zero.png; sourceTree = "<group>"; };
		041DDD73237E78EB00E3D5D3 /* zero1.jpg */ = {isa = PBXFileReference; lastKnownFileType = image.jpeg; path = zero1.jpg; sourceTree = "<group>"; };
		041DDD75237E794700E3D5D3 /* secondViewController.swift */ = {isa = PBXFileReference; lastKnownFileType = sourcecode.swift; path = secondViewController.swift; sourceTree = "<group>"; };
		041DDD77237E79D100E3D5D3 /* zero.mp3 */ = {isa = PBXFileReference; lastKnownFileType = audio.mp3; path = zero.mp3; sourceTree = "<group>"; };
		041DDD79237E7B4900E3D5D3 /* home2.jpg */ = {isa = PBXFileReference; lastKnownFileType = image.jpeg; path = home2.jpg; sourceTree = "<group>"; };
		041DDD7B237E7BC200E3D5D3 /* thirdViewController.swift */ = {isa = PBXFileReference; lastKnownFileType = sourcecode.swift; path = thirdViewController.swift; sourceTree = "<group>"; };
		041DDD7D237E7BD100E3D5D3 /* fourthViewController.swift */ = {isa = PBXFileReference; lastKnownFileType = sourcecode.swift; path = fourthViewController.swift; sourceTree = "<group>"; };
		041DDD7F237E7CF900E3D5D3 /* Th.mp3 */ = {isa = PBXFileReference; lastKnownFileType = audio.mp3; path = Th.mp3; sourceTree = "<group>"; };
		041DDD81237E7DF000E3D5D3 /* thu.jpg */ = {isa = PBXFileReference; lastKnownFileType = image.jpeg; path = thu.jpg; sourceTree = "<group>"; };
		041DDD83237E7E3700E3D5D3 /* thu1.jpeg */ = {isa = PBXFileReference; lastKnownFileType = image.jpeg; path = thu1.jpeg; sourceTree = "<group>"; };
		041DDD85237E7F5200E3D5D3 /* fr.jpg */ = {isa = PBXFileReference; lastKnownFileType = image.jpeg; path = fr.jpg; sourceTree = "<group>"; };
		041DDD87237E7F5600E3D5D3 /* fr1.jpg */ = {isa = PBXFileReference; lastKnownFileType = image.jpeg; path = fr1.jpg; sourceTree = "<group>"; };
		041DDD89237E800C00E3D5D3 /* Fr.mp3 */ = {isa = PBXFileReference; lastKnownFileType = audio.mp3; path = Fr.mp3; sourceTree = "<group>"; };
/* End PBXFileReference section */

/* Begin PBXFrameworksBuildPhase section */
		041DDD4F237E6CFC00E3D5D3 /* Frameworks */ = {
			isa = PBXFrameworksBuildPhase;
			buildActionMask = 2147483647;
			files = (
			);
			runOnlyForDeploymentPostprocessing = 0;
		};
/* End PBXFrameworksBuildPhase section */

/* Begin PBXGroup section */
		041DDD49237E6CFC00E3D5D3 = {
			isa = PBXGroup;
			children = (
				041DDD54237E6CFC00E3D5D3 /* ios1fnp62_13610325_sourcecode */,
				041DDD53237E6CFC00E3D5D3 /* Products */,
			);
			sourceTree = "<group>";
		};
		041DDD53237E6CFC00E3D5D3 /* Products */ = {
			isa = PBXGroup;
			children = (
				041DDD52237E6CFC00E3D5D3 /* ios1fnp62_13610325_sourcecode.app */,
			);
			name = Products;
			sourceTree = "<group>";
		};
		041DDD54237E6CFC00E3D5D3 /* ios1fnp62_13610325_sourcecode */ = {
			isa = PBXGroup;
			children = (
				041DDD55237E6CFC00E3D5D3 /* AppDelegate.swift */,
				041DDD57237E6CFC00E3D5D3 /* ViewController.swift */,
				041DDD75237E794700E3D5D3 /* secondViewController.swift */,
				041DDD7B237E7BC200E3D5D3 /* thirdViewController.swift */,
				041DDD7D237E7BD100E3D5D3 /* fourthViewController.swift */,
				041DDD59237E6CFC00E3D5D3 /* Main.storyboard */,
				041DDD5C237E6CFD00E3D5D3 /* Assets.xcassets */,
				041DDD5E237E6CFD00E3D5D3 /* LaunchScreen.storyboard */,
				041DDD61237E6CFD00E3D5D3 /* Info.plist */,
				041DDD67237E6D6F00E3D5D3 /* home.jpg */,
				041DDD79237E7B4900E3D5D3 /* home2.jpg */,
				041DDD81237E7DF000E3D5D3 /* thu.jpg */,
				041DDD83237E7E3700E3D5D3 /* thu1.jpeg */,
				041DDD69237E754E00E3D5D3 /* play.png */,
				041DDD6B237E755800E3D5D3 /* stop.png */,
				041DDD6D237E755C00E3D5D3 /* replay.png */,
				041DDD71237E783F00E3D5D3 /* zero.png */,
				041DDD73237E78EB00E3D5D3 /* zero1.jpg */,
				041DDD87237E7F5600E3D5D3 /* fr1.jpg */,
				041DDD85237E7F5200E3D5D3 /* fr.jpg */,
				041DDD77237E79D100E3D5D3 /* zero.mp3 */,
				041DDD7F237E7CF900E3D5D3 /* Th.mp3 */,
				041DDD89237E800C00E3D5D3 /* Fr.mp3 */,
			);
			path = ios1fnp62_13610325_sourcecode;
			sourceTree = "<group>";
		};
/* End PBXGroup section */

/* Begin PBXNativeTarget section */
		041DDD51237E6CFC00E3D5D3 /* ios1fnp62_13610325_sourcecode */ = {
			isa = PBXNativeTarget;
			buildConfigurationList = 041DDD64237E6CFD00E3D5D3 /* Build configuration list for PBXNativeTarget "ios1fnp62_13610325_sourcecode" */;
			buildPhases = (
				041DDD4E237E6CFC00E3D5D3 /* Sources */,
				041DDD4F237E6CFC00E3D5D3 /* Frameworks */,
				041DDD50237E6CFC00E3D5D3 /* Resources */,
			);
			buildRules = (
			);
			dependencies = (
			);
			name = ios1fnp62_13610325_sourcecode;
			productName = ios1fnp62_13610325_sourcecode;
			productReference = 041DDD52237E6CFC00E3D5D3 /* ios1fnp62_13610325_sourcecode.app */;
			productType = "com.apple.product-type.application";
		};
/* End PBXNativeTarget section */

/* Begin PBXProject section */
		041DDD4A237E6CFC00E3D5D3 /* Project object */ = {
			isa = PBXProject;
			attributes = {
				LastSwiftUpdateCheck = 1010;
				LastUpgradeCheck = 1010;
				ORGANIZATIONNAME = "Jirakit Chobthumkit";
				TargetAttributes = {
					041DDD51237E6CFC00E3D5D3 = {
						CreatedOnToolsVersion = 10.1;
					};
				};
			};
			buildConfigurationList = 041DDD4D237E6CFC00E3D5D3 /* Build configuration list for PBXProject "ios1fnp62_13610325_sourcecode" */;
			compatibilityVersion = "Xcode 9.3";
			developmentRegion = en;
			hasScannedForEncodings = 0;
			knownRegions = (
				en,
				Base,
			);
			mainGroup = 041DDD49237E6CFC00E3D5D3;
			productRefGroup = 041DDD53237E6CFC00E3D5D3 /* Products */;
			projectDirPath = "";
			projectRoot = "";
			targets = (
				041DDD51237E6CFC00E3D5D3 /* ios1fnp62_13610325_sourcecode */,
			);
		};
/* End PBXProject section */

/* Begin PBXResourcesBuildPhase section */
		041DDD50237E6CFC00E3D5D3 /* Resources */ = {
			isa = PBXResourcesBuildPhase;
			buildActionMask = 2147483647;
			files = (
				041DDD86237E7F5300E3D5D3 /* fr.jpg in Resources */,
				041DDD68237E6D6F00E3D5D3 /* home.jpg in Resources */,
				041DDD6A237E754E00E3D5D3 /* play.png in Resources */,
				041DDD60237E6CFD00E3D5D3 /* LaunchScreen.storyboard in Resources */,
				041DDD72237E783F00E3D5D3 /* zero.png in Resources */,
				041DDD5D237E6CFD00E3D5D3 /* Assets.xcassets in Resources */,
				041DDD6E237E755C00E3D5D3 /* replay.png in Resources */,
				041DDD78237E79D100E3D5D3 /* zero.mp3 in Resources */,
				041DDD5B237E6CFC00E3D5D3 /* Main.storyboard in Resources */,
				041DDD80237E7CF900E3D5D3 /* Th.mp3 in Resources */,
				041DDD7A237E7B4900E3D5D3 /* home2.jpg in Resources */,
				041DDD74237E78EB00E3D5D3 /* zero1.jpg in Resources */,
				041DDD84237E7E3700E3D5D3 /* thu1.jpeg in Resources */,
				041DDD6C237E755900E3D5D3 /* stop.png in Resources */,
				041DDD82237E7DF100E3D5D3 /* thu.jpg in Resources */,
				041DDD8A237E800C00E3D5D3 /* Fr.mp3 in Resources */,
				041DDD88237E7F5700E3D5D3 /* fr1.jpg in Resources */,
			);
			runOnlyForDeploymentPostprocessing = 0;
		};
/* End PBXResourcesBuildPhase section */

/* Begin PBXSourcesBuildPhase section */
		041DDD4E237E6CFC00E3D5D3 /* Sources */ = {
			isa = PBXSourcesBuildPhase;
			buildActionMask = 2147483647;
			files = (
				041DDD7E237E7BD100E3D5D3 /* fourthViewController.swift in Sources */,
				041DDD58237E6CFC00E3D5D3 /* ViewController.swift in Sources */,
				041DDD76237E794700E3D5D3 /* secondViewController.swift in Sources */,
				041DDD7C237E7BC200E3D5D3 /* thirdViewController.swift in Sources */,
				041DDD56237E6CFC00E3D5D3 /* AppDelegate.swift in Sources */,
			);
			runOnlyForDeploymentPostprocessing = 0;
		};
/* End PBXSourcesBuildPhase section */

/* Begin PBXVariantGroup section */
		041DDD59237E6CFC00E3D5D3 /* Main.storyboard */ = {
			isa = PBXVariantGroup;
			children = (
				041DDD5A237E6CFC00E3D5D3 /* Base */,
			);
			name = Main.storyboard;
			sourceTree = "<group>";
		};
		041DDD5E237E6CFD00E3D5D3 /* LaunchScreen.storyboard */ = {
			isa = PBXVariantGroup;
			children = (
				041DDD5F237E6CFD00E3D5D3 /* Base */,
			);
			name = LaunchScreen.storyboard;
			sourceTree = "<group>";
		};
/* End PBXVariantGroup section */

/* Begin XCBuildConfiguration section */
		041DDD62237E6CFD00E3D5D3 /* Debug */ = {
			isa = XCBuildConfiguration;
			buildSettings = {
				ALWAYS_SEARCH_USER_PATHS = NO;
				CLANG_ANALYZER_NONNULL = YES;
				CLANG_ANALYZER_NUMBER_OBJECT_CONVERSION = YES_AGGRESSIVE;
				CLANG_CXX_LANGUAGE_STANDARD = "gnu++14";
				CLANG_CXX_LIBRARY = "libc++";
				CLANG_ENABLE_MODULES = YES;
				CLANG_ENABLE_OBJC_ARC = YES;
				CLANG_ENABLE_OBJC_WEAK = YES;
				CLANG_WARN_BLOCK_CAPTURE_AUTORELEASING = YES;
				CLANG_WARN_BOOL_CONVERSION = YES;
				CLANG_WARN_COMMA = YES;
				CLANG_WARN_CONSTANT_CONVERSION = YES;
				CLANG_WARN_DEPRECATED_OBJC_IMPLEMENTATIONS = YES;
				CLANG_WARN_DIRECT_OBJC_ISA_USAGE = YES_ERROR;
				CLANG_WARN_DOCUMENTATION_COMMENTS = YES;
				CLANG_WARN_EMPTY_BODY = YES;
				CLANG_WARN_ENUM_CONVERSION = YES;
				CLANG_WARN_INFINITE_RECURSION = YES;
				CLANG_WARN_INT_CONVERSION = YES;
				CLANG_WARN_NON_LITERAL_NULL_CONVERSION = YES;
				CLANG_WARN_OBJC_IMPLICIT_RETAIN_SELF = YES;
				CLANG_WARN_OBJC_LITERAL_CONVERSION = YES;
				CLANG_WARN_OBJC_ROOT_CLASS = YES_ERROR;
				CLANG_WARN_RANGE_LOOP_ANALYSIS = YES;
				CLANG_WARN_STRICT_PROTOTYPES = YES;
				CLANG_WARN_SUSPICIOUS_MOVE = YES;
				CLANG_WARN_UNGUARDED_AVAILABILITY = YES_AGGRESSIVE;
				CLANG_WARN_UNREACHABLE_CODE = YES;
				CLANG_WARN__DUPLICATE_METHOD_MATCH = YES;
				CODE_SIGN_IDENTITY = "iPhone Developer";
				COPY_PHASE_STRIP = NO;
				DEBUG_INFORMATION_FORMAT = dwarf;
				ENABLE_STRICT_OBJC_MSGSEND = YES;
				ENABLE_TESTABILITY = YES;
				GCC_C_LANGUAGE_STANDARD = gnu11;
				GCC_DYNAMIC_NO_PIC = NO;
				GCC_NO_COMMON_BLOCKS = YES;
				GCC_OPTIMIZATION_LEVEL = 0;
				GCC_PREPROCESSOR_DEFINITIONS = (
					"DEBUG=1",
					"$(inherited)",
				);
				GCC_WARN_64_TO_32_BIT_CONVERSION = YES;
				GCC_WARN_ABOUT_RETURN_TYPE = YES_ERROR;
				GCC_WARN_UNDECLARED_SELECTOR = YES;
				GCC_WARN_UNINITIALIZED_AUTOS = YES_AGGRESSIVE;
				GCC_WARN_UNUSED_FUNCTION = YES;
				GCC_WARN_UNUSED_VARIABLE = YES;
				IPHONEOS_DEPLOYMENT_TARGET = 12.1;
				MTL_ENABLE_DEBUG_INFO = INCLUDE_SOURCE;
				MTL_FAST_MATH = YES;
				ONLY_ACTIVE_ARCH = YES;
				SDKROOT = iphoneos;
				SWIFT_ACTIVE_COMPILATION_CONDITIONS = DEBUG;
				SWIFT_OPTIMIZATION_LEVEL = "-Onone";
			};
			name = Debug;
		};
		041DDD63237E6CFD00E3D5D3 /* Release */ = {
			isa = XCBuildConfiguration;
			buildSettings = {
				ALWAYS_SEARCH_USER_PATHS = NO;
				CLANG_ANALYZER_NONNULL = YES;
				CLANG_ANALYZER_NUMBER_OBJECT_CONVERSION = YES_AGGRESSIVE;
				CLANG_CXX_LANGUAGE_STANDARD = "gnu++14";
				CLANG_CXX_LIBRARY = "libc++";
				CLANG_ENABLE_MODULES = YES;
				CLANG_ENABLE_OBJC_ARC = YES;
				CLANG_ENABLE_OBJC_WEAK = YES;
				CLANG_WARN_BLOCK_CAPTURE_AUTORELEASING = YES;
				CLANG_WARN_BOOL_CONVERSION = YES;
				CLANG_WARN_COMMA = YES;
				CLANG_WARN_CONSTANT_CONVERSION = YES;
				CLANG_WARN_DEPRECATED_OBJC_IMPLEMENTATIONS = YES;
				CLANG_WARN_DIRECT_OBJC_ISA_USAGE = YES_ERROR;
				CLANG_WARN_DOCUMENTATION_COMMENTS = YES;
				CLANG_WARN_EMPTY_BODY = YES;
				CLANG_WARN_ENUM_CONVERSION = YES;
				CLANG_WARN_INFINITE_RECURSION = YES;
				CLANG_WARN_INT_CONVERSION = YES;
				CLANG_WARN_NON_LITERAL_NULL_CONVERSION = YES;
				CLANG_WARN_OBJC_IMPLICIT_RETAIN_SELF = YES;
				CLANG_WARN_OBJC_LITERAL_CONVERSION = YES;
				CLANG_WARN_OBJC_ROOT_CLASS = YES_ERROR;
				CLANG_WARN_RANGE_LOOP_ANALYSIS = YES;
				CLANG_WARN_STRICT_PROTOTYPES = YES;
				CLANG_WARN_SUSPICIOUS_MOVE = YES;
				CLANG_WARN_UNGUARDED_AVAILABILITY = YES_AGGRESSIVE;
				CLANG_WARN_UNREACHABLE_CODE = YES;
				CLANG_WARN__DUPLICATE_METHOD_MATCH = YES;
				CODE_SIGN_IDENTITY = "iPhone Developer";
				COPY_PHASE_STRIP = NO;
				DEBUG_INFORMATION_FORMAT = "dwarf-with-dsym";
				ENABLE_NS_ASSERTIONS = NO;
				ENABLE_STRICT_OBJC_MSGSEND = YES;
				GCC_C_LANGUAGE_STANDARD = gnu11;
				GCC_NO_COMMON_BLOCKS = YES;
				GCC_WARN_64_TO_32_BIT_CONVERSION = YES;
				GCC_WARN_ABOUT_RETURN_TYPE = YES_ERROR;
				GCC_WARN_UNDECLARED_SELECTOR = YES;
				GCC_WARN_UNINITIALIZED_AUTOS = YES_AGGRESSIVE;
				GCC_WARN_UNUSED_FUNCTION = YES;
				GCC_WARN_UNUSED_VARIABLE = YES;
				IPHONEOS_DEPLOYMENT_TARGET = 12.1;
				MTL_ENABLE_DEBUG_INFO = NO;
				MTL_FAST_MATH = YES;
				SDKROOT = iphoneos;
				SWIFT_COMPILATION_MODE = wholemodule;
				SWIFT_OPTIMIZATION_LEVEL = "-O";
				VALIDATE_PRODUCT = YES;
			};
			name = Release;
		};
		041DDD65237E6CFD00E3D5D3 /* Debug */ = {
			isa = XCBuildConfiguration;
			buildSettings = {
				ASSETCATALOG_COMPILER_APPICON_NAME = AppIcon;
				CODE_SIGN_STYLE = Automatic;
				INFOPLIST_FILE = ios1fnp62_13610325_sourcecode/Info.plist;
				LD_RUNPATH_SEARCH_PATHS = (
					"$(inherited)",
					"@executable_path/Frameworks",
				);
				PRODUCT_BUNDLE_IDENTIFIER = "Jirakit-Chobthumkit.ios1fnp62-13610325-sourcecode";
				PRODUCT_NAME = "$(TARGET_NAME)";
				SWIFT_VERSION = 4.2;
				TARGETED_DEVICE_FAMILY = "1,2";
			};
			name = Debug;
		};
		041DDD66237E6CFD00E3D5D3 /* Release */ = {
			isa = XCBuildConfiguration;
			buildSettings = {
				ASSETCATALOG_COMPILER_APPICON_NAME = AppIcon;
				CODE_SIGN_STYLE = Automatic;
				INFOPLIST_FILE = ios1fnp62_13610325_sourcecode/Info.plist;
				LD_RUNPATH_SEARCH_PATHS = (
					"$(inherited)",
					"@executable_path/Frameworks",
				);
				PRODUCT_BUNDLE_IDENTIFIER = "Jirakit-Chobthumkit.ios1fnp62-13610325-sourcecode";
				PRODUCT_NAME = "$(TARGET_NAME)";
				SWIFT_VERSION = 4.2;
				TARGETED_DEVICE_FAMILY = "1,2";
			};
			name = Release;
		};
/* End XCBuildConfiguration section */

/* Begin XCConfigurationList section */
		041DDD4D237E6CFC00E3D5D3 /* Build configuration list for PBXProject "ios1fnp62_13610325_sourcecode" */ = {
			isa = XCConfigurationList;
			buildConfigurations = (
				041DDD62237E6CFD00E3D5D3 /* Debug */,
				041DDD63237E6CFD00E3D5D3 /* Release */,
			);
			defaultConfigurationIsVisible = 0;
			defaultConfigurationName = Release;
		};
		041DDD64237E6CFD00E3D5D3 /* Build configuration list for PBXNativeTarget "ios1fnp62_13610325_sourcecode" */ = {
			isa = XCConfigurationList;
			buildConfigurations = (
				041DDD65237E6CFD00E3D5D3 /* Debug */,
				041DDD66237E6CFD00E3D5D3 /* Release */,
			);
			defaultConfigurationIsVisible = 0;
			defaultConfigurationName = Release;
		};
/* End XCConfigurationList section */
	};
	rootObject = 041DDD4A237E6CFC00E3D5D3 /* Project object */;
}
